
Microsoft Visual Studio Solution File, Format Version 12.00
# Visual Studio Version 17
VisualStudioVersion = 17.7.34024.191
MinimumVisualStudioVersion = 10.0.40219.1
Project("{9A19103F-16F7-4668-BE54-9A1E7A4F7556}") = "WorkTitle.Api", "src\WorkTitle\WorkTitle.Api.csproj", "{75235FB0-4999-4E48-AAAF-93033AB7F24F}"
EndProject
Project("{2150E333-8FDC-42A3-9474-1A3956D46DE8}") = "src", "src", "{B1AA2E11-A162-4CD1-A3AA-C8AAB1F54A12}"
EndProject
Project("{2150E333-8FDC-42A3-9474-1A3956D46DE8}") = "tests", "tests", "{D152A915-2E39-4849-B992-08F0C9BD7A29}"
EndProject
Project("{2150E333-8FDC-42A3-9474-1A3956D46DE8}") = "Application", "Application", "{CD70A436-410A-40BB-8C98-90C0DC9B4F82}"
EndProject
Project("{2150E333-8FDC-42A3-9474-1A3956D46DE8}") = "Domain", "Domain", "{A3FA7E2B-360A-4814-A51C-72B38763F950}"
EndProject
Project("{2150E333-8FDC-42A3-9474-1A3956D46DE8}") = "Infrastructure", "Infrastructure", "{303032F8-022C-4BDA-85F9-2A23546E6266}"
EndProject
Project("{9A19103F-16F7-4668-BE54-9A1E7A4F7556}") = "WorkTitle.Domain", "src\Domain\WorkTitle.Domain\WorkTitle.Domain.csproj", "{B763292A-27A2-4073-A1CA-F29E6E55BB5F}"
EndProject
Project("{9A19103F-16F7-4668-BE54-9A1E7A4F7556}") = "WorkTitle.Application", "src\Application\WorkTitle.Application\WorkTitle.Application.csproj", "{5D42F67B-28BC-4BD2-B822-BCACFEC669E8}"
EndProject
Project("{9A19103F-16F7-4668-BE54-9A1E7A4F7556}") = "WorkTitle.Infrastructure", "src\Infrastructure\WorkTitle.Infrastructure\WorkTitle.Infrastructure.csproj", "{0719D889-EA4F-42CD-879B-ED99F09C67D2}"
EndProject
Project("{9A19103F-16F7-4668-BE54-9A1E7A4F7556}") = "WorkTitle.Infrastructure.PostgreSql", "src\Infrastructure\WorkTitle.Infrastructure.PostgreSql\WorkTitle.Infrastructure.PostgreSql.csproj", "{4F369793-9A8E-47DD-9E81-3790FAB6B65F}"
EndProject
Project("{9A19103F-16F7-4668-BE54-9A1E7A4F7556}") = "WorkTitle.Application.Abstractions", "src\Application\WorkTitle.Application.Abstractions\WorkTitle.Application.Abstractions.csproj", "{2948DBA5-B3FC-4BE2-B3F7-7CD2F4252140}"
EndProject
Project("{9A19103F-16F7-4668-BE54-9A1E7A4F7556}") = "WorkTitle.Infrastructure.Implementation", "src\Infrastructure\WorkTitle.Infrastructure.Implementation\WorkTitle.Infrastructure.Implementation.csproj", "{3BDCDFEA-2AF1-470F-97E7-EB97D8F06253}"
EndProject
Project("{2150E333-8FDC-42A3-9474-1A3956D46DE8}") = "Authentication", "Authentication", "{F21BF966-BBCA-408F-8CEA-0A8E8C2C7F01}"
EndProject
Project("{9A19103F-16F7-4668-BE54-9A1E7A4F7556}") = "WebApiJwtAuthentication", "src\Authorization\WebApiJwtAuthentication\WebApiJwtAuthentication.csproj", "{9F317DB9-E6B6-46F6-8F6B-0E57D2CD5062}"
EndProject
Project("{9A19103F-16F7-4668-BE54-9A1E7A4F7556}") = "Common", "src\Authorization\Common\Common.csproj", "{1EB83B89-89B4-4709-B2B0-1733E14F0090}"
EndProject
Project("{9A19103F-16F7-4668-BE54-9A1E7A4F7556}") = "BlazorAuthentication", "src\Authorization\BlazorAuthentication\BlazorAuthentication.csproj", "{A6C8038D-3A33-425F-8C57-8120642C84B8}"
EndProject
Project("{2150E333-8FDC-42A3-9474-1A3956D46DE8}") = "Telegramm", "Telegramm", "{DAA85898-2636-4DEF-BDB1-ADF46B823BE7}"
EndProject
Project("{9A19103F-16F7-4668-BE54-9A1E7A4F7556}") = "WorkTitle.Telegramm", "src\Telegramm\WorkTitle.Telegramm\WorkTitle.Telegramm.csproj", "{81514493-713A-4B0D-8E33-A68F17EA72CC}"
EndProject
Project("{2150E333-8FDC-42A3-9474-1A3956D46DE8}") = "Helpers", "Helpers", "{5BB79758-228A-462A-BE86-94A6CB4A876F}"
EndProject
Project("{9A19103F-16F7-4668-BE54-9A1E7A4F7556}") = "WorkTitle.Helpers", "src\Helpers\WorkTitle.Helpers\WorkTitle.Helpers.csproj", "{67C8370D-3891-4159-BDE0-66DB73DE6DE5}"
EndProject
Project("{2150E333-8FDC-42A3-9474-1A3956D46DE8}") = "Events", "Events", "{4025C3FA-F658-4531-AAED-EFFDFC1ECB54}"
EndProject
Project("{FAE04EC0-301F-11D3-BF4B-00C04F79EFBC}") = "RabbitMQ.Events", "src\Events\RabbitMQ.Events\RabbitMQ.Events.csproj", "{6F25B2F1-E80F-4411-B618-44D96BB539BD}"
EndProject
Global
	GlobalSection(SolutionConfigurationPlatforms) = preSolution
		Debug|Any CPU = Debug|Any CPU
		Release|Any CPU = Release|Any CPU
	EndGlobalSection
	GlobalSection(ProjectConfigurationPlatforms) = postSolution
		{75235FB0-4999-4E48-AAAF-93033AB7F24F}.Debug|Any CPU.ActiveCfg = Debug|Any CPU
		{75235FB0-4999-4E48-AAAF-93033AB7F24F}.Debug|Any CPU.Build.0 = Debug|Any CPU
		{75235FB0-4999-4E48-AAAF-93033AB7F24F}.Release|Any CPU.ActiveCfg = Release|Any CPU
		{75235FB0-4999-4E48-AAAF-93033AB7F24F}.Release|Any CPU.Build.0 = Release|Any CPU
		{B763292A-27A2-4073-A1CA-F29E6E55BB5F}.Debug|Any CPU.ActiveCfg = Debug|Any CPU
		{B763292A-27A2-4073-A1CA-F29E6E55BB5F}.Debug|Any CPU.Build.0 = Debug|Any CPU
		{B763292A-27A2-4073-A1CA-F29E6E55BB5F}.Release|Any CPU.ActiveCfg = Release|Any CPU
		{B763292A-27A2-4073-A1CA-F29E6E55BB5F}.Release|Any CPU.Build.0 = Release|Any CPU
		{5D42F67B-28BC-4BD2-B822-BCACFEC669E8}.Debug|Any CPU.ActiveCfg = Debug|Any CPU
		{5D42F67B-28BC-4BD2-B822-BCACFEC669E8}.Debug|Any CPU.Build.0 = Debug|Any CPU
		{5D42F67B-28BC-4BD2-B822-BCACFEC669E8}.Release|Any CPU.ActiveCfg = Release|Any CPU
		{5D42F67B-28BC-4BD2-B822-BCACFEC669E8}.Release|Any CPU.Build.0 = Release|Any CPU
		{0719D889-EA4F-42CD-879B-ED99F09C67D2}.Debug|Any CPU.ActiveCfg = Debug|Any CPU
		{0719D889-EA4F-42CD-879B-ED99F09C67D2}.Debug|Any CPU.Build.0 = Debug|Any CPU
		{0719D889-EA4F-42CD-879B-ED99F09C67D2}.Release|Any CPU.ActiveCfg = Release|Any CPU
		{0719D889-EA4F-42CD-879B-ED99F09C67D2}.Release|Any CPU.Build.0 = Release|Any CPU
		{4F369793-9A8E-47DD-9E81-3790FAB6B65F}.Debug|Any CPU.ActiveCfg = Debug|Any CPU
		{4F369793-9A8E-47DD-9E81-3790FAB6B65F}.Debug|Any CPU.Build.0 = Debug|Any CPU
		{4F369793-9A8E-47DD-9E81-3790FAB6B65F}.Release|Any CPU.ActiveCfg = Release|Any CPU
		{4F369793-9A8E-47DD-9E81-3790FAB6B65F}.Release|Any CPU.Build.0 = Release|Any CPU
		{2948DBA5-B3FC-4BE2-B3F7-7CD2F4252140}.Debug|Any CPU.ActiveCfg = Debug|Any CPU
		{2948DBA5-B3FC-4BE2-B3F7-7CD2F4252140}.Debug|Any CPU.Build.0 = Debug|Any CPU
		{2948DBA5-B3FC-4BE2-B3F7-7CD2F4252140}.Release|Any CPU.ActiveCfg = Release|Any CPU
		{2948DBA5-B3FC-4BE2-B3F7-7CD2F4252140}.Release|Any CPU.Build.0 = Release|Any CPU
		{3BDCDFEA-2AF1-470F-97E7-EB97D8F06253}.Debug|Any CPU.ActiveCfg = Debug|Any CPU
		{3BDCDFEA-2AF1-470F-97E7-EB97D8F06253}.Debug|Any CPU.Build.0 = Debug|Any CPU
		{3BDCDFEA-2AF1-470F-97E7-EB97D8F06253}.Release|Any CPU.ActiveCfg = Release|Any CPU
		{3BDCDFEA-2AF1-470F-97E7-EB97D8F06253}.Release|Any CPU.Build.0 = Release|Any CPU
		{9F317DB9-E6B6-46F6-8F6B-0E57D2CD5062}.Debug|Any CPU.ActiveCfg = Debug|Any CPU
		{9F317DB9-E6B6-46F6-8F6B-0E57D2CD5062}.Debug|Any CPU.Build.0 = Debug|Any CPU
		{9F317DB9-E6B6-46F6-8F6B-0E57D2CD5062}.Release|Any CPU.ActiveCfg = Release|Any CPU
		{9F317DB9-E6B6-46F6-8F6B-0E57D2CD5062}.Release|Any CPU.Build.0 = Release|Any CPU
		{1EB83B89-89B4-4709-B2B0-1733E14F0090}.Debug|Any CPU.ActiveCfg = Debug|Any CPU
		{1EB83B89-89B4-4709-B2B0-1733E14F0090}.Debug|Any CPU.Build.0 = Debug|Any CPU
		{1EB83B89-89B4-4709-B2B0-1733E14F0090}.Release|Any CPU.ActiveCfg = Release|Any CPU
		{1EB83B89-89B4-4709-B2B0-1733E14F0090}.Release|Any CPU.Build.0 = Release|Any CPU
		{A6C8038D-3A33-425F-8C57-8120642C84B8}.Debug|Any CPU.ActiveCfg = Debug|Any CPU
		{A6C8038D-3A33-425F-8C57-8120642C84B8}.Debug|Any CPU.Build.0 = Debug|Any CPU
		{A6C8038D-3A33-425F-8C57-8120642C84B8}.Release|Any CPU.ActiveCfg = Release|Any CPU
		{A6C8038D-3A33-425F-8C57-8120642C84B8}.Release|Any CPU.Build.0 = Release|Any CPU
		{81514493-713A-4B0D-8E33-A68F17EA72CC}.Debug|Any CPU.ActiveCfg = Debug|Any CPU
		{81514493-713A-4B0D-8E33-A68F17EA72CC}.Debug|Any CPU.Build.0 = Debug|Any CPU
		{81514493-713A-4B0D-8E33-A68F17EA72CC}.Release|Any CPU.ActiveCfg = Release|Any CPU
		{81514493-713A-4B0D-8E33-A68F17EA72CC}.Release|Any CPU.Build.0 = Release|Any CPU
		{67C8370D-3891-4159-BDE0-66DB73DE6DE5}.Debug|Any CPU.ActiveCfg = Debug|Any CPU
		{67C8370D-3891-4159-BDE0-66DB73DE6DE5}.Debug|Any CPU.Build.0 = Debug|Any CPU
		{67C8370D-3891-4159-BDE0-66DB73DE6DE5}.Release|Any CPU.ActiveCfg = Release|Any CPU
		{67C8370D-3891-4159-BDE0-66DB73DE6DE5}.Release|Any CPU.Build.0 = Release|Any CPU
		{6F25B2F1-E80F-4411-B618-44D96BB539BD}.Debug|Any CPU.ActiveCfg = Debug|Any CPU
		{6F25B2F1-E80F-4411-B618-44D96BB539BD}.Debug|Any CPU.Build.0 = Debug|Any CPU
		{6F25B2F1-E80F-4411-B618-44D96BB539BD}.Release|Any CPU.ActiveCfg = Release|Any CPU
		{6F25B2F1-E80F-4411-B618-44D96BB539BD}.Release|Any CPU.Build.0 = Release|Any CPU
	EndGlobalSection
	GlobalSection(SolutionProperties) = preSolution
		HideSolutionNode = FALSE
	EndGlobalSection
	GlobalSection(NestedProjects) = preSolution
		{75235FB0-4999-4E48-AAAF-93033AB7F24F} = {B1AA2E11-A162-4CD1-A3AA-C8AAB1F54A12}
		{CD70A436-410A-40BB-8C98-90C0DC9B4F82} = {B1AA2E11-A162-4CD1-A3AA-C8AAB1F54A12}
		{A3FA7E2B-360A-4814-A51C-72B38763F950} = {B1AA2E11-A162-4CD1-A3AA-C8AAB1F54A12}
		{303032F8-022C-4BDA-85F9-2A23546E6266} = {B1AA2E11-A162-4CD1-A3AA-C8AAB1F54A12}
		{B763292A-27A2-4073-A1CA-F29E6E55BB5F} = {A3FA7E2B-360A-4814-A51C-72B38763F950}
		{5D42F67B-28BC-4BD2-B822-BCACFEC669E8} = {CD70A436-410A-40BB-8C98-90C0DC9B4F82}
		{0719D889-EA4F-42CD-879B-ED99F09C67D2} = {303032F8-022C-4BDA-85F9-2A23546E6266}
		{4F369793-9A8E-47DD-9E81-3790FAB6B65F} = {303032F8-022C-4BDA-85F9-2A23546E6266}
		{2948DBA5-B3FC-4BE2-B3F7-7CD2F4252140} = {CD70A436-410A-40BB-8C98-90C0DC9B4F82}
		{3BDCDFEA-2AF1-470F-97E7-EB97D8F06253} = {303032F8-022C-4BDA-85F9-2A23546E6266}
		{F21BF966-BBCA-408F-8CEA-0A8E8C2C7F01} = {B1AA2E11-A162-4CD1-A3AA-C8AAB1F54A12}
		{9F317DB9-E6B6-46F6-8F6B-0E57D2CD5062} = {F21BF966-BBCA-408F-8CEA-0A8E8C2C7F01}
		{1EB83B89-89B4-4709-B2B0-1733E14F0090} = {F21BF966-BBCA-408F-8CEA-0A8E8C2C7F01}
		{A6C8038D-3A33-425F-8C57-8120642C84B8} = {F21BF966-BBCA-408F-8CEA-0A8E8C2C7F01}
		{DAA85898-2636-4DEF-BDB1-ADF46B823BE7} = {B1AA2E11-A162-4CD1-A3AA-C8AAB1F54A12}
		{81514493-713A-4B0D-8E33-A68F17EA72CC} = {DAA85898-2636-4DEF-BDB1-ADF46B823BE7}
		{5BB79758-228A-462A-BE86-94A6CB4A876F} = {B1AA2E11-A162-4CD1-A3AA-C8AAB1F54A12}
		{67C8370D-3891-4159-BDE0-66DB73DE6DE5} = {5BB79758-228A-462A-BE86-94A6CB4A876F}
		{4025C3FA-F658-4531-AAED-EFFDFC1ECB54} = {B1AA2E11-A162-4CD1-A3AA-C8AAB1F54A12}
		{6F25B2F1-E80F-4411-B618-44D96BB539BD} = {4025C3FA-F658-4531-AAED-EFFDFC1ECB54}
	EndGlobalSection
	GlobalSection(ExtensibilityGlobals) = postSolution
		SolutionGuid = {35523DDF-3995-471B-A33F-8DA840542127}
	EndGlobalSection
EndGlobal
